{
  "name": "dependencies-search-poc",
  "version": "1.0.0",
  "lockfileVersion": 2,
  "requires": true,
  "packages": {
    "": {
      "name": "dependencies-search-poc",
      "version": "1.0.0",
      "license": "ISC",
      "dependencies": {
        "a": "file:a/a-1.0.0.tgz",
        "b": "file:b/b-1.0.0.tgz",
        "c": "file:c/c-1.0.0.tgz",
        "immer": "^10.0.2",
        "lodash": "^4.17.21",
        "object-scan": "^19.0.2"
      },
      "devDependencies": {
        "e": "file:e/e-1.0.0.tgz"
      }
    },
    "node_modules/a": {
      "version": "1.0.0",
      "resolved": "file:a/a-1.0.0.tgz",
      "integrity": "sha512-Bk1ObkyeL57vFy5ZW2iKkxuQAd1gR8LVYT57FabV2FQLEAMqsWezkstvXE5zC/LEjI1oQ76BGUDAU5z/E3OTbg==",
      "license": "ISC",
      "dependencies": {
        "e": "file:../e/e-1.0.0.tgz",
        "h": "file:../h/h-1.0.0.tgz"
      },
      "peerDependencies": {
        "immer": "10.0.2"
      }
    },
    "node_modules/b": {
      "version": "1.0.0",
      "resolved": "file:b/b-1.0.0.tgz",
      "integrity": "sha512-2U3Xoet5s3nGcp+4yafYoSsqkQO3vAKnCcbFs8J+8Exp7sLf0VG3oXT/wnlabRoltouOXZ/IWJKae0xlZD6bDw==",
      "license": "ISC",
      "dependencies": {
        "h": "file:../h/h-1.0.0.tgz"
      }
    },
    "node_modules/c": {
      "version": "1.0.0",
      "resolved": "file:c/c-1.0.0.tgz",
      "integrity": "sha512-9wNfDLGpyMDtScDfJW1aNhRAgvwbZ2+wyy7wie19+HJgDDVIH0oziTpYbmKlH45e1KuZFVeKeh4r+UWrHec+4A==",
      "license": "ISC"
    },
    "node_modules/e": {
      "version": "1.0.0",
      "resolved": "file:e/e-1.0.0.tgz",
      "integrity": "sha512-e+bRWvY8d9jsc8N3pvbWSdyAN0297IUruF0P4QttQTowcMySyt9bCLnzKc9N/m1wsf/qrRwMqS07bDWHKOU9nQ==",
      "license": "ISC",
      "dependencies": {
        "h": "file:../h/h-2.0.0.tgz"
      }
    },
    "node_modules/e/node_modules/h": {
      "version": "2.0.0",
      "resolved": "file:h/h-2.0.0.tgz",
      "integrity": "sha512-pVPLPnP55pU6lUttEeHfnMkyJQgQwBrZZaFlSFH2gSacZBXczfdW4bnLZ1SU+ONi0c+0Tz9a0H79t7CXNLdzDw==",
      "license": "ISC"
    },
    "node_modules/h": {
      "version": "1.0.0",
      "resolved": "file:h/h-1.0.0.tgz",
      "integrity": "sha512-hw3dKo5XX31nCQvvddh5jMe+KWG0MA8MTpk6tB3+h+mMkCLiKsowBOlu1BFs3Vq9VqeFTJDHfD9q2OmM0VrNIw==",
      "license": "ISC"
    },
    "node_modules/immer": {
      "version": "10.0.2",
      "resolved": "https://registry.npmjs.org/immer/-/immer-10.0.2.tgz",
      "integrity": "sha512-Rx3CqeqQ19sxUtYV9CU911Vhy8/721wRFnJv3REVGWUmoAcIwzifTsdmJte/MV+0/XpM35LZdQMBGkRIoLPwQA==",
      "funding": {
        "type": "opencollective",
        "url": "https://opencollective.com/immer"
      }
    },
    "node_modules/lodash": {
      "version": "4.17.21",
      "resolved": "https://registry.npmjs.org/lodash/-/lodash-4.17.21.tgz",
      "integrity": "sha512-v2kDEe57lecTulaDIuNTPy3Ry4gLGJ6Z1O3vE1krgXZNrsQ+LFTGHVxVjcXPs17LhbZVGedAJv8XZ1tvj5FvSg=="
    },
    "node_modules/object-scan": {
      "version": "19.0.2",
      "resolved": "https://registry.npmjs.org/object-scan/-/object-scan-19.0.2.tgz",
      "integrity": "sha512-JUW4+5uetNbi3aJgzXZo8ySZor73/lQ7WdTDeAnoH5/BvC+JyEWf1qA7fAUFjWCGuiyngGrA2tiJ1gKKjou1UQ==",
      "engines": {
        "node": ">= 16"
      }
    }
  },
  "dependencies": {
    "a": {
      "version": "file:a/a-1.0.0.tgz",
      "integrity": "sha512-Bk1ObkyeL57vFy5ZW2iKkxuQAd1gR8LVYT57FabV2FQLEAMqsWezkstvXE5zC/LEjI1oQ76BGUDAU5z/E3OTbg==",
      "requires": {
        "e": "file:../e/e-1.0.0.tgz",
        "h": "file:../h/h-1.0.0.tgz"
      }
    },
    "b": {
      "version": "file:b/b-1.0.0.tgz",
      "integrity": "sha512-2U3Xoet5s3nGcp+4yafYoSsqkQO3vAKnCcbFs8J+8Exp7sLf0VG3oXT/wnlabRoltouOXZ/IWJKae0xlZD6bDw==",
      "requires": {
        "h": "file:../h/h-1.0.0.tgz"
      }
    },
    "c": {
      "version": "file:c/c-1.0.0.tgz",
      "integrity": "sha512-9wNfDLGpyMDtScDfJW1aNhRAgvwbZ2+wyy7wie19+HJgDDVIH0oziTpYbmKlH45e1KuZFVeKeh4r+UWrHec+4A=="
    },
    "e": {
      "version": "file:e/e-1.0.0.tgz",
      "integrity": "sha512-e+bRWvY8d9jsc8N3pvbWSdyAN0297IUruF0P4QttQTowcMySyt9bCLnzKc9N/m1wsf/qrRwMqS07bDWHKOU9nQ==",
      "requires": {
        "h": "file:../h/h-2.0.0.tgz"
      },
      "dependencies": {
        "h": {
          "version": "file:../h/h-2.0.0.tgz",
          "integrity": "sha512-pVPLPnP55pU6lUttEeHfnMkyJQgQwBrZZaFlSFH2gSacZBXczfdW4bnLZ1SU+ONi0c+0Tz9a0H79t7CXNLdzDw=="
        }
      }
    },
    "h": {
      "version": "file:../h/h-1.0.0.tgz",
      "integrity": "sha512-hw3dKo5XX31nCQvvddh5jMe+KWG0MA8MTpk6tB3+h+mMkCLiKsowBOlu1BFs3Vq9VqeFTJDHfD9q2OmM0VrNIw=="
    },
    "immer": {
      "version": "10.0.2",
      "resolved": "https://registry.npmjs.org/immer/-/immer-10.0.2.tgz",
      "integrity": "sha512-Rx3CqeqQ19sxUtYV9CU911Vhy8/721wRFnJv3REVGWUmoAcIwzifTsdmJte/MV+0/XpM35LZdQMBGkRIoLPwQA=="
    },
    "lodash": {
      "version": "4.17.21",
      "resolved": "https://registry.npmjs.org/lodash/-/lodash-4.17.21.tgz",
      "integrity": "sha512-v2kDEe57lecTulaDIuNTPy3Ry4gLGJ6Z1O3vE1krgXZNrsQ+LFTGHVxVjcXPs17LhbZVGedAJv8XZ1tvj5FvSg=="
    },
    "object-scan": {
      "version": "19.0.2",
      "resolved": "https://registry.npmjs.org/object-scan/-/object-scan-19.0.2.tgz",
      "integrity": "sha512-JUW4+5uetNbi3aJgzXZo8ySZor73/lQ7WdTDeAnoH5/BvC+JyEWf1qA7fAUFjWCGuiyngGrA2tiJ1gKKjou1UQ=="
    }
  }
}
