{
  "name": "e",
  "version": "1.0.0",
  "lockfileVersion": 2,
  "requires": true,
  "packages": {
    "": {
      "name": "e",
      "version": "1.0.0",
      "license": "ISC",
      "dependencies": {
        "h": "file:../h/h-2.0.0.tgz"
      }
    },
    "node_modules/h": {
      "version": "2.0.0",
      "resolved": "file:../h/h-2.0.0.tgz",
      "integrity": "sha512-pVPLPnP55pU6lUttEeHfnMkyJQgQwBrZZaFlSFH2gSacZBXczfdW4bnLZ1SU+ONi0c+0Tz9a0H79t7CXNLdzDw==",
      "license": "ISC"
    }
  },
  "dependencies": {
    "h": {
      "version": "file:../h/h-2.0.0.tgz",
      "integrity": "sha512-pVPLPnP55pU6lUttEeHfnMkyJQgQwBrZZaFlSFH2gSacZBXczfdW4bnLZ1SU+ONi0c+0Tz9a0H79t7CXNLdzDw=="
    }
  }
}
