{
  "name": "b",
  "version": "1.0.0",
  "lockfileVersion": 2,
  "requires": true,
  "packages": {
    "": {
      "name": "b",
      "version": "1.0.0",
      "license": "ISC",
      "dependencies": {
        "h": "file:../h/h-1.0.0.tgz"
      }
    },
    "node_modules/h": {
      "version": "1.0.0",
      "resolved": "file:../h/h-1.0.0.tgz",
      "integrity": "sha512-hw3dKo5XX31nCQvvddh5jMe+KWG0MA8MTpk6tB3+h+mMkCLiKsowBOlu1BFs3Vq9VqeFTJDHfD9q2OmM0VrNIw==",
      "license": "ISC"
    }
  },
  "dependencies": {
    "h": {
      "version": "file:../h/h-1.0.0.tgz",
      "integrity": "sha512-hw3dKo5XX31nCQvvddh5jMe+KWG0MA8MTpk6tB3+h+mMkCLiKsowBOlu1BFs3Vq9VqeFTJDHfD9q2OmM0VrNIw=="
    }
  }
}
